Microsoft Visual Studio Solution File, Format Version 12.00
# Visual Studio 2012
Project("{FAE04EC0-301F-11D3-BF4B-00C04F79EFBC}") = "mamh", "mamh.csproj", "{E3EC76DD-C8A2-417B-BA95-324821AB3596}"
EndProject
Global
	GlobalSection(SolutionConfigurationPlatforms) = preSolution
	Debug|Any CPU = Debug|Any CPU
	ExportDebug|Any CPU = ExportDebug|Any CPU
	ExportRelease|Any CPU = ExportRelease|Any CPU
	EndGlobalSection
	GlobalSection(ProjectConfigurationPlatforms) = postSolution
		{E3EC76DD-C8A2-417B-BA95-324821AB3596}.Debug|Any CPU.ActiveCfg = Debug|Any CPU
		{E3EC76DD-C8A2-417B-BA95-324821AB3596}.Debug|Any CPU.Build.0 = Debug|Any CPU
		{E3EC76DD-C8A2-417B-BA95-324821AB3596}.ExportDebug|Any CPU.ActiveCfg = ExportDebug|Any CPU
		{E3EC76DD-C8A2-417B-BA95-324821AB3596}.ExportDebug|Any CPU.Build.0 = ExportDebug|Any CPU
		{E3EC76DD-C8A2-417B-BA95-324821AB3596}.ExportRelease|Any CPU.ActiveCfg = ExportRelease|Any CPU
		{E3EC76DD-C8A2-417B-BA95-324821AB3596}.ExportRelease|Any CPU.Build.0 = ExportRelease|Any CPU
	EndGlobalSection
EndGlobal
